github.com/gofrs/uuid/v3 v3.1.1 h1:sqMK0jjyOJ7HV36lwG2GZ6TD2hK8RB7dJQVDakI65U4=
github.com/gofrs/uuid/v3 v3.1.1/go.mod h1:xPwMqoocQ1L5G6pXX5BcE7N5jlzn2o19oqAKxwZW/kI=
github.com/mattn/go-sqlite3 v1.9.0 h1:pDRiWfl+++eC2FEFRy6jXmQlvp4Yh3z1MJKg4UeYM/4=
github.com/mattn/go-sqlite3 v1.9.0/go.mod h1:FPy6KqzDD04eiIsT53CuJW3U88zkxoIYsOqkbpncsNc=
github.com/pkg/errors v0.8.0 h1:WdK/asTD0HN+q6hsWO3/vpuAkAr+tw6aNJNDFFf0+qw=
github.com/pkg/errors v0.8.0/go.mod h1:bwawxfHBFNV+L2hUp1rHADufV3IMtnDRdf1r5NINEl0=
